
Microsoft Visual Studio Solution File, Format Version 12.00
# Visual Studio Version 16
VisualStudioVersion = 16.0.30114.105
MinimumVisualStudioVersion = 10.0.40219.1
Project("{FAE04EC0-301F-11D3-BF4B-00C04F79EFBC}") = "BuySell", "BuySell.csproj", "{1D201446-0280-4F96-B910-20F92726984F}"
EndProject
Global
	GlobalSection(SolutionConfigurationPlatforms) = preSolution
		Debug|Any CPU = Debug|Any CPU
		Release|Any CPU = Release|Any CPU
	EndGlobalSection
	GlobalSection(ProjectConfigurationPlatforms) = postSolution
		{1D201446-0280-4F96-B910-20F92726984F}.Debug|Any CPU.ActiveCfg = Debug|Any CPU
		{1D201446-0280-4F96-B910-20F92726984F}.Debug|Any CPU.Build.0 = Debug|Any CPU
		{1D201446-0280-4F96-B910-20F92726984F}.Release|Any CPU.ActiveCfg = Release|Any CPU
		{1D201446-0280-4F96-B910-20F92726984F}.Release|Any CPU.Build.0 = Release|Any CPU
	EndGlobalSection
	GlobalSection(SolutionProperties) = preSolution
		HideSolutionNode = FALSE
	EndGlobalSection
	GlobalSection(ExtensibilityGlobals) = postSolution
		SolutionGuid = {618F42D5-7C6F-4F88-99D9-39D3E562AFDF}
	EndGlobalSection
EndGlobal
